
Microsoft Visual Studio Solution File, Format Version 12.00
# Visual Studio 14
VisualStudioVersion = 14.0.25420.1
MinimumVisualStudioVersion = 10.0.40219.1
Project("{FAE04EC0-301F-11D3-BF4B-00C04F79EFBC}") = "pipeline", "pipeline\pipeline.csproj", "{B9216C96-A18F-4110-B657-90E11420EC58}"
EndProject
Project("{FAE04EC0-301F-11D3-BF4B-00C04F79EFBC}") = "test", "test\test.csproj", "{5F8B9476-C9C1-45C8-8E62-D499D4F93B1C}"
EndProject
Global
	GlobalSection(SolutionConfigurationPlatforms) = preSolution
		Debug|Any CPU = Debug|Any CPU
		Release|Any CPU = Release|Any CPU
	EndGlobalSection
	GlobalSection(ProjectConfigurationPlatforms) = postSolution
		{B9216C96-A18F-4110-B657-90E11420EC58}.Debug|Any CPU.ActiveCfg = Debug|Any CPU
		{B9216C96-A18F-4110-B657-90E11420EC58}.Debug|Any CPU.Build.0 = Debug|Any CPU
		{B9216C96-A18F-4110-B657-90E11420EC58}.Release|Any CPU.ActiveCfg = Release|Any CPU
		{B9216C96-A18F-4110-B657-90E11420EC58}.Release|Any CPU.Build.0 = Release|Any CPU
		{5F8B9476-C9C1-45C8-8E62-D499D4F93B1C}.Debug|Any CPU.ActiveCfg = Debug|Any CPU
		{5F8B9476-C9C1-45C8-8E62-D499D4F93B1C}.Debug|Any CPU.Build.0 = Debug|Any CPU
		{5F8B9476-C9C1-45C8-8E62-D499D4F93B1C}.Release|Any CPU.ActiveCfg = Release|Any CPU
		{5F8B9476-C9C1-45C8-8E62-D499D4F93B1C}.Release|Any CPU.Build.0 = Release|Any CPU
	EndGlobalSection
	GlobalSection(SolutionProperties) = preSolution
		HideSolutionNode = FALSE
	EndGlobalSection
EndGlobal
